// !$*UTF8*$!
{
	archiveVersion = 1;
	classes = {
	};
	objectVersion = 46;
	objects = {

/* Begin PBXBuildFile section */
		187526C342650BB622D5430D /* libPods.a in Frameworks */ = {isa = PBXBuildFile; fileRef = 9AEC66BEC68ABDAA4FFFB25D /* libPods.a */; };
		84325FAC1C5C953400E9E873 /* IOTCamera.framework in Frameworks */ = {isa = PBXBuildFile; fileRef = 84325FAA1C5C953400E9E873 /* IOTCamera.framework */; };
		84325FAD1C5C953400E9E873 /* libIOTCAPIs_ALL.a in Frameworks */ = {isa = PBXBuildFile; fileRef = 84325FAB1C5C953400E9E873 /* libIOTCAPIs_ALL.a */; };
		84325FAF1C5C959B00E9E873 /* VideoToolbox.framework in Frameworks */ = {isa = PBXBuildFile; fileRef = 84325FAE1C5C959B00E9E873 /* VideoToolbox.framework */; };
		84325FB11C5C95A800E9E873 /* Accelerate.framework in Frameworks */ = {isa = PBXBuildFile; fileRef = 84325FB01C5C95A800E9E873 /* Accelerate.framework */; };
		84325FB31C5C95BD00E9E873 /* libbz2.1.0.dylib in Frameworks */ = {isa = PBXBuildFile; fileRef = 84325FB21C5C95BD00E9E873 /* libbz2.1.0.dylib */; };
		84325FB51C5C95D000E9E873 /* QuartzCore.framework in Frameworks */ = {isa = PBXBuildFile; fileRef = 84325FB41C5C95D000E9E873 /* QuartzCore.framework */; };
		84325FB71C5C95E600E9E873 /* libiconv.dylib in Frameworks */ = {isa = PBXBuildFile; fileRef = 84325FB61C5C95E600E9E873 /* libiconv.dylib */; };
		84325FB91C5C95F000E9E873 /* libz.dylib in Frameworks */ = {isa = PBXBuildFile; fileRef = 84325FB81C5C95F000E9E873 /* libz.dylib */; };
		84325FBB1C5C960000E9E873 /* libxml2.dylib in Frameworks */ = {isa = PBXBuildFile; fileRef = 84325FBA1C5C960000E9E873 /* libxml2.dylib */; };
		84325FBD1C5C960C00E9E873 /* libstdc++.6.0.9.dylib in Frameworks */ = {isa = PBXBuildFile; fileRef = 84325FBC1C5C960C00E9E873 /* libstdc++.6.0.9.dylib */; };
		84325FBF1C5C961700E9E873 /* CoreVideo.framework in Frameworks */ = {isa = PBXBuildFile; fileRef = 84325FBE1C5C961700E9E873 /* CoreVideo.framework */; };
		84325FC11C5C962400E9E873 /* Security.framework in Frameworks */ = {isa = PBXBuildFile; fileRef = 84325FC01C5C962400E9E873 /* Security.framework */; };
		84325FC31C5C962B00E9E873 /* GLKit.framework in Frameworks */ = {isa = PBXBuildFile; fileRef = 84325FC21C5C962B00E9E873 /* GLKit.framework */; };
		84325FC51C5C963300E9E873 /* CFNetwork.framework in Frameworks */ = {isa = PBXBuildFile; fileRef = 84325FC41C5C963300E9E873 /* CFNetwork.framework */; };
		84325FC71C5C963D00E9E873 /* AVFoundation.framework in Frameworks */ = {isa = PBXBuildFile; fileRef = 84325FC61C5C963D00E9E873 /* AVFoundation.framework */; };
		84325FC91C5C964400E9E873 /* OpenAL.framework in Frameworks */ = {isa = PBXBuildFile; fileRef = 84325FC81C5C964400E9E873 /* OpenAL.framework */; };
		84325FCB1C5C964A00E9E873 /* AudioToolbox.framework in Frameworks */ = {isa = PBXBuildFile; fileRef = 84325FCA1C5C964A00E9E873 /* AudioToolbox.framework */; };
		84325FCD1C5C965200E9E873 /* AssetsLibrary.framework in Frameworks */ = {isa = PBXBuildFile; fileRef = 84325FCC1C5C965200E9E873 /* AssetsLibrary.framework */; };
		84325FCF1C5C965A00E9E873 /* SystemConfiguration.framework in Frameworks */ = {isa = PBXBuildFile; fileRef = 84325FCE1C5C965A00E9E873 /* SystemConfiguration.framework */; };
		84325FE11C5C96BD00E9E873 /* MyCamera.m in Sources */ = {isa = PBXBuildFile; fileRef = 84325FD11C5C96BD00E9E873 /* MyCamera.m */; settings = {COMPILER_FLAGS = "-fno-objc-arc"; }; };
		84325FE21C5C96BD00E9E873 /* WiFiPassword.xib in Resources */ = {isa = PBXBuildFile; fileRef = 84325FD21C5C96BD00E9E873 /* WiFiPassword.xib */; };
		84325FE31C5C96BD00E9E873 /* EditWiFiPasswordController.m in Sources */ = {isa = PBXBuildFile; fileRef = 84325FD41C5C96BD00E9E873 /* EditWiFiPasswordController.m */; settings = {COMPILER_FLAGS = "-fno-objc-arc"; }; };
		84325FE41C5C96BD00E9E873 /* WiFiNetworkController.m in Sources */ = {isa = PBXBuildFile; fileRef = 84325FD61C5C96BD00E9E873 /* WiFiNetworkController.m */; settings = {COMPILER_FLAGS = "-fno-objc-arc"; }; };
		84325FE51C5C96BD00E9E873 /* EditWiFiViewController.m in Sources */ = {isa = PBXBuildFile; fileRef = 84325FD81C5C96BD00E9E873 /* EditWiFiViewController.m */; settings = {COMPILER_FLAGS = "-fno-objc-arc"; }; };
		84325FE61C5C96BD00E9E873 /* EditWiFiViewController.xib in Resources */ = {isa = PBXBuildFile; fileRef = 84325FD91C5C96BD00E9E873 /* EditWiFiViewController.xib */; };
		84325FE71C5C96BD00E9E873 /* CameraShowGLView.m in Sources */ = {isa = PBXBuildFile; fileRef = 84325FDA1C5C96BD00E9E873 /* CameraShowGLView.m */; settings = {COMPILER_FLAGS = "-fno-objc-arc"; }; };
		84325FE81C5C96BD00E9E873 /* MonitorView.xib in Resources */ = {isa = PBXBuildFile; fileRef = 84325FDC1C5C96BD00E9E873 /* MonitorView.xib */; };
		84325FE91C5C96BD00E9E873 /* MonitorViewController.mm in Sources */ = {isa = PBXBuildFile; fileRef = 84325FDE1C5C96BD00E9E873 /* MonitorViewController.mm */; settings = {COMPILER_FLAGS = "-fno-objc-arc"; }; };
		84325FF21C5CA66500E9E873 /* YUV420Shader.fsh in Resources */ = {isa = PBXBuildFile; fileRef = 84325FEE1C5CA66500E9E873 /* YUV420Shader.fsh */; };
		84325FF31C5CA66500E9E873 /* YUV420Shader.vsh in Resources */ = {isa = PBXBuildFile; fileRef = 84325FEF1C5CA66500E9E873 /* YUV420Shader.vsh */; };
		84325FF41C5CA66500E9E873 /* DirectDisplayShader.fsh in Resources */ = {isa = PBXBuildFile; fileRef = 84325FF01C5CA66500E9E873 /* DirectDisplayShader.fsh */; };
		84325FF51C5CA66500E9E873 /* DirectDisplayShader.vsh in Resources */ = {isa = PBXBuildFile; fileRef = 84325FF11C5CA66500E9E873 /* DirectDisplayShader.vsh */; };
		845E48561C4DCB6100AAD5A5 /* ui in Resources */ = {isa = PBXBuildFile; fileRef = 845E48551C4DCB6100AAD5A5 /* ui */; };
		84697C251C5C61B200388077 /* RegexUtils.m in Sources */ = {isa = PBXBuildFile; fileRef = 84697C241C5C61B200388077 /* RegexUtils.m */; };
		84697C2A1C5C8BB600388077 /* DeviceVideoViewController.m in Sources */ = {isa = PBXBuildFile; fileRef = 84697C281C5C8BB600388077 /* DeviceVideoViewController.m */; };
		84697C2B1C5C8BB600388077 /* DeviceVideoViewController.xib in Resources */ = {isa = PBXBuildFile; fileRef = 84697C291C5C8BB600388077 /* DeviceVideoViewController.xib */; };
		847F9D251C50DB10005ED278 /* SKSTableView.m in Sources */ = {isa = PBXBuildFile; fileRef = 847F9D1E1C50DB10005ED278 /* SKSTableView.m */; };
		847F9D261C50DB10005ED278 /* SKSTableViewCell.m in Sources */ = {isa = PBXBuildFile; fileRef = 847F9D201C50DB10005ED278 /* SKSTableViewCell.m */; };
		847F9D271C50DB10005ED278 /* SKSTableViewCellIndicator.m in Sources */ = {isa = PBXBuildFile; fileRef = 847F9D221C50DB10005ED278 /* SKSTableViewCellIndicator.m */; };
		8484777F1C06E84700167C3A /* DeviceManagerViewController.m in Sources */ = {isa = PBXBuildFile; fileRef = 8484777E1C06E84700167C3A /* DeviceManagerViewController.m */; };
		848477821C06E86700167C3A /* UserManagerViewController.m in Sources */ = {isa = PBXBuildFile; fileRef = 848477811C06E86700167C3A /* UserManagerViewController.m */; };
		848477851C06EBD100167C3A /* DeviceRegisterViewController.m in Sources */ = {isa = PBXBuildFile; fileRef = 848477841C06EBD100167C3A /* DeviceRegisterViewController.m */; };
		848477881C06ED3700167C3A /* DeviceDeleteViewController.m in Sources */ = {isa = PBXBuildFile; fileRef = 848477871C06ED3700167C3A /* DeviceDeleteViewController.m */; };
		8484778B1C06EDB500167C3A /* UserRegisterViewController.m in Sources */ = {isa = PBXBuildFile; fileRef = 8484778A1C06EDB500167C3A /* UserRegisterViewController.m */; };
		8484778E1C06EE6300167C3A /* FindPassViewController.m in Sources */ = {isa = PBXBuildFile; fileRef = 8484778D1C06EE6300167C3A /* FindPassViewController.m */; };
		848477921C07033700167C3A /* AnimationUtils.m in Sources */ = {isa = PBXBuildFile; fileRef = 848477911C07033700167C3A /* AnimationUtils.m */; };
		8488BC471BEC887500803B96 /* HYLDevicesController.m in Sources */ = {isa = PBXBuildFile; fileRef = 8488BC461BEC887500803B96 /* HYLDevicesController.m */; };
		8488BC4B1BEC8F8600803B96 /* HYLClassUtils.m in Sources */ = {isa = PBXBuildFile; fileRef = 8488BC4A1BEC8F8600803B96 /* HYLClassUtils.m */; };
		8488BC4E1BEC8FA400803B96 /* HYLCache.m in Sources */ = {isa = PBXBuildFile; fileRef = 8488BC4D1BEC8FA400803B96 /* HYLCache.m */; };
		84992F1B1BFC32BE00D890A2 /* ZDItem.m in Sources */ = {isa = PBXBuildFile; fileRef = 84992F1A1BFC32BE00D890A2 /* ZDItem.m */; };
		84C273941BEC46FA00C52577 /* main.m in Sources */ = {isa = PBXBuildFile; fileRef = 84C273931BEC46FA00C52577 /* main.m */; };
		84C273971BEC46FA00C52577 /* AppDelegate.m in Sources */ = {isa = PBXBuildFile; fileRef = 84C273961BEC46FA00C52577 /* AppDelegate.m */; };
		84C2739D1BEC46FA00C52577 /* Main.storyboard in Resources */ = {isa = PBXBuildFile; fileRef = 84C2739B1BEC46FA00C52577 /* Main.storyboard */; };
		84C2739F1BEC46FA00C52577 /* Images.xcassets in Resources */ = {isa = PBXBuildFile; fileRef = 84C2739E1BEC46FA00C52577 /* Images.xcassets */; };
		84C273A21BEC46FA00C52577 /* LaunchScreen.xib in Resources */ = {isa = PBXBuildFile; fileRef = 84C273A01BEC46FA00C52577 /* LaunchScreen.xib */; };
		84C273AE1BEC46FA00C52577 /* ZeroDevTests.m in Sources */ = {isa = PBXBuildFile; fileRef = 84C273AD1BEC46FA00C52577 /* ZeroDevTests.m */; };
		84C273D51BEC55DD00C52577 /* LoginViewController.m in Sources */ = {isa = PBXBuildFile; fileRef = 84C273D41BEC55DD00C52577 /* LoginViewController.m */; };
		84C273D81BEC67BA00C52577 /* ELNetworkService.framework in Frameworks */ = {isa = PBXBuildFile; fileRef = 84C273D71BEC67BA00C52577 /* ELNetworkService.framework */; };
		84C3C3D61C5622CC00D9B7F2 /* QRStyleUtils.m in Sources */ = {isa = PBXBuildFile; fileRef = 84C3C3D51C5622CC00D9B7F2 /* QRStyleUtils.m */; };
		84C3C3DE1C576D1600D9B7F2 /* CustomNavigationController.m in Sources */ = {isa = PBXBuildFile; fileRef = 84C3C3DD1C576D1600D9B7F2 /* CustomNavigationController.m */; };
		84C700DE1C534BC3007FA60F /* LeftViewController.m in Sources */ = {isa = PBXBuildFile; fileRef = 84C700DC1C534BC3007FA60F /* LeftViewController.m */; };
		84C700DF1C534BC3007FA60F /* LeftViewController.xib in Resources */ = {isa = PBXBuildFile; fileRef = 84C700DD1C534BC3007FA60F /* LeftViewController.xib */; };
		84C7011C1C536810007FA60F /* expandableImage@2x.png in Resources */ = {isa = PBXBuildFile; fileRef = 84C7011A1C536810007FA60F /* expandableImage@2x.png */; };
		84CBE8FD1C040048001CBF29 /* HomeViewController.m in Sources */ = {isa = PBXBuildFile; fileRef = 84CBE8FC1C040048001CBF29 /* HomeViewController.m */; };
		84CBE9001C040A60001CBF29 /* AppManager.m in Sources */ = {isa = PBXBuildFile; fileRef = 84CBE8FF1C040A60001CBF29 /* AppManager.m */; };
		84CBE9031C0435A5001CBF29 /* JSONManager.m in Sources */ = {isa = PBXBuildFile; fileRef = 84CBE9021C0435A5001CBF29 /* JSONManager.m */; };
		84CBE9061C044606001CBF29 /* HYLSharePreference.m in Sources */ = {isa = PBXBuildFile; fileRef = 84CBE9051C044606001CBF29 /* HYLSharePreference.m */; };
		84CBE9091C046862001CBF29 /* DeviceInfoViewController.m in Sources */ = {isa = PBXBuildFile; fileRef = 84CBE9081C046862001CBF29 /* DeviceInfoViewController.m */; };
		84CBE90E1C058D1D001CBF29 /* ModalView.xib in Resources */ = {isa = PBXBuildFile; fileRef = 84CBE90D1C058D1C001CBF29 /* ModalView.xib */; };
		84CBE9111C059368001CBF29 /* ModalView.m in Sources */ = {isa = PBXBuildFile; fileRef = 84CBE9101C059368001CBF29 /* ModalView.m */; };
		84CCFB181C5AF68100F42003 /* InfoPlist.strings in Resources */ = {isa = PBXBuildFile; fileRef = 84CCFB171C5AF68100F42003 /* InfoPlist.strings */; };
		84CCFB1B1C5B0A6400F42003 /* DeviceConfigViewController.m in Sources */ = {isa = PBXBuildFile; fileRef = 84CCFB1A1C5B0A6400F42003 /* DeviceConfigViewController.m */; };
		84CCFB5D1C5B5E5800F42003 /* Localizable.strings in Resources */ = {isa = PBXBuildFile; fileRef = 84CCFB5C1C5B5E5800F42003 /* Localizable.strings */; };
		84CCFB621C5B625800F42003 /* QRCodeShowViewController.m in Sources */ = {isa = PBXBuildFile; fileRef = 84CCFB601C5B625800F42003 /* QRCodeShowViewController.m */; };
		84CCFB631C5B625800F42003 /* QRCodeShowViewController.xib in Resources */ = {isa = PBXBuildFile; fileRef = 84CCFB611C5B625800F42003 /* QRCodeShowViewController.xib */; };
/* End PBXBuildFile section */

/* Begin PBXContainerItemProxy section */
		84C273A81BEC46FA00C52577 /* PBXContainerItemProxy */ = {
			isa = PBXContainerItemProxy;
			containerPortal = 84C273861BEC46FA00C52577 /* Project object */;
			proxyType = 1;
			remoteGlobalIDString = 84C2738D1BEC46FA00C52577;
			remoteInfo = ZeroDev;
		};
/* End PBXContainerItemProxy section */

/* Begin PBXFileReference section */
		6E847DE7A8CC4497E18F85E0 /* Pods.debug.xcconfig */ = {isa = PBXFileReference; includeInIndex = 1; lastKnownFileType = text.xcconfig; name = Pods.debug.xcconfig; path = "Pods/Target Support Files/Pods/Pods.debug.xcconfig"; sourceTree = "<group>"; };
		7692A53577CA343C4467CC5F /* Pods.release.xcconfig */ = {isa = PBXFileReference; includeInIndex = 1; lastKnownFileType = text.xcconfig; name = Pods.release.xcconfig; path = "Pods/Target Support Files/Pods/Pods.release.xcconfig"; sourceTree = "<group>"; };
		84325FAA1C5C953400E9E873 /* IOTCamera.framework */ = {isa = PBXFileReference; lastKnownFileType = wrapper.framework; name = IOTCamera.framework; path = "ZeroDev/lib/Debug-iphoneos/IOTCamera.framework"; sourceTree = "<group>"; };
		84325FAB1C5C953400E9E873 /* libIOTCAPIs_ALL.a */ = {isa = PBXFileReference; lastKnownFileType = archive.ar; name = libIOTCAPIs_ALL.a; path = "ZeroDev/lib/Debug-iphoneos/libIOTCAPIs_ALL.a"; sourceTree = "<group>"; };
		84325FAE1C5C959B00E9E873 /* VideoToolbox.framework */ = {isa = PBXFileReference; lastKnownFileType = wrapper.framework; name = VideoToolbox.framework; path = System/Library/Frameworks/VideoToolbox.framework; sourceTree = SDKROOT; };
		84325FB01C5C95A800E9E873 /* Accelerate.framework */ = {isa = PBXFileReference; lastKnownFileType = wrapper.framework; name = Accelerate.framework; path = System/Library/Frameworks/Accelerate.framework; sourceTree = SDKROOT; };
		84325FB21C5C95BD00E9E873 /* libbz2.1.0.dylib */ = {isa = PBXFileReference; lastKnownFileType = "compiled.mach-o.dylib"; name = libbz2.1.0.dylib; path = usr/lib/libbz2.1.0.dylib; sourceTree = SDKROOT; };
		84325FB41C5C95D000E9E873 /* QuartzCore.framework */ = {isa = PBXFileReference; lastKnownFileType = wrapper.framework; name = QuartzCore.framework; path = System/Library/Frameworks/QuartzCore.framework; sourceTree = SDKROOT; };
		84325FB61C5C95E600E9E873 /* libiconv.dylib */ = {isa = PBXFileReference; lastKnownFileType = "compiled.mach-o.dylib"; name = libiconv.dylib; path = usr/lib/libiconv.dylib; sourceTree = SDKROOT; };
		84325FB81C5C95F000E9E873 /* libz.dylib */ = {isa = PBXFileReference; lastKnownFileType = "compiled.mach-o.dylib"; name = libz.dylib; path = usr/lib/libz.dylib; sourceTree = SDKROOT; };
		84325FBA1C5C960000E9E873 /* libxml2.dylib */ = {isa = PBXFileReference; lastKnownFileType = "compiled.mach-o.dylib"; name = libxml2.dylib; path = usr/lib/libxml2.dylib; sourceTree = SDKROOT; };
		84325FBC1C5C960C00E9E873 /* libstdc++.6.0.9.dylib */ = {isa = PBXFileReference; lastKnownFileType = "compiled.mach-o.dylib"; name = "libstdc++.6.0.9.dylib"; path = "usr/lib/libstdc++.6.0.9.dylib"; sourceTree = SDKROOT; };
		84325FBE1C5C961700E9E873 /* CoreVideo.framework */ = {isa = PBXFileReference; lastKnownFileType = wrapper.framework; name = CoreVideo.framework; path = System/Library/Frameworks/CoreVideo.framework; sourceTree = SDKROOT; };
		84325FC01C5C962400E9E873 /* Security.framework */ = {isa = PBXFileReference; lastKnownFileType = wrapper.framework; name = Security.framework; path = System/Library/Frameworks/Security.framework; sourceTree = SDKROOT; };
		84325FC21C5C962B00E9E873 /* GLKit.framework */ = {isa = PBXFileReference; lastKnownFileType = wrapper.framework; name = GLKit.framework; path = System/Library/Frameworks/GLKit.framework; sourceTree = SDKROOT; };
		84325FC41C5C963300E9E873 /* CFNetwork.framework */ = {isa = PBXFileReference; lastKnownFileType = wrapper.framework; name = CFNetwork.framework; path = System/Library/Frameworks/CFNetwork.framework; sourceTree = SDKROOT; };
		84325FC61C5C963D00E9E873 /* AVFoundation.framework */ = {isa = PBXFileReference; lastKnownFileType = wrapper.framework; name = AVFoundation.framework; path = System/Library/Frameworks/AVFoundation.framework; sourceTree = SDKROOT; };
		84325FC81C5C964400E9E873 /* OpenAL.framework */ = {isa = PBXFileReference; lastKnownFileType = wrapper.framework; name = OpenAL.framework; path = System/Library/Frameworks/OpenAL.framework; sourceTree = SDKROOT; };
		84325FCA1C5C964A00E9E873 /* AudioToolbox.framework */ = {isa = PBXFileReference; lastKnownFileType = wrapper.framework; name = AudioToolbox.framework; path = System/Library/Frameworks/AudioToolbox.framework; sourceTree = SDKROOT; };
		84325FCC1C5C965200E9E873 /* AssetsLibrary.framework */ = {isa = PBXFileReference; lastKnownFileType = wrapper.framework; name = AssetsLibrary.framework; path = System/Library/Frameworks/AssetsLibrary.framework; sourceTree = SDKROOT; };
		84325FCE1C5C965A00E9E873 /* SystemConfiguration.framework */ = {isa = PBXFileReference; lastKnownFileType = wrapper.framework; name = SystemConfiguration.framework; path = System/Library/Frameworks/SystemConfiguration.framework; sourceTree = SDKROOT; };
		84325FD01C5C96BD00E9E873 /* MyCamera.h */ = {isa = PBXFileReference; fileEncoding = 4; lastKnownFileType = sourcecode.c.h; path = MyCamera.h; sourceTree = "<group>"; };
		84325FD11C5C96BD00E9E873 /* MyCamera.m */ = {isa = PBXFileReference; fileEncoding = 4; lastKnownFileType = sourcecode.c.objc; path = MyCamera.m; sourceTree = "<group>"; };
		84325FD21C5C96BD00E9E873 /* WiFiPassword.xib */ = {isa = PBXFileReference; fileEncoding = 4; lastKnownFileType = file.xib; path = WiFiPassword.xib; sourceTree = "<group>"; };
		84325FD31C5C96BD00E9E873 /* EditWiFiPasswordController.h */ = {isa = PBXFileReference; fileEncoding = 4; lastKnownFileType = sourcecode.c.h; path = EditWiFiPasswordController.h; sourceTree = "<group>"; };
		84325FD41C5C96BD00E9E873 /* EditWiFiPasswordController.m */ = {isa = PBXFileReference; fileEncoding = 4; lastKnownFileType = sourcecode.c.objc; path = EditWiFiPasswordController.m; sourceTree = "<group>"; };
		84325FD51C5C96BD00E9E873 /* WiFiNetworkController.h */ = {isa = PBXFileReference; fileEncoding = 4; lastKnownFileType = sourcecode.c.h; path = WiFiNetworkController.h; sourceTree = "<group>"; };
		84325FD61C5C96BD00E9E873 /* WiFiNetworkController.m */ = {isa = PBXFileReference; fileEncoding = 4; lastKnownFileType = sourcecode.c.objc; path = WiFiNetworkController.m; sourceTree = "<group>"; };
		84325FD71C5C96BD00E9E873 /* EditWiFiViewController.h */ = {isa = PBXFileReference; fileEncoding = 4; lastKnownFileType = sourcecode.c.h; path = EditWiFiViewController.h; sourceTree = "<group>"; };
		84325FD81C5C96BD00E9E873 /* EditWiFiViewController.m */ = {isa = PBXFileReference; fileEncoding = 4; lastKnownFileType = sourcecode.c.objc; path = EditWiFiViewController.m; sourceTree = "<group>"; };
		84325FD91C5C96BD00E9E873 /* EditWiFiViewController.xib */ = {isa = PBXFileReference; fileEncoding = 4; lastKnownFileType = file.xib; path = EditWiFiViewController.xib; sourceTree = "<group>"; };
		84325FDA1C5C96BD00E9E873 /* CameraShowGLView.m */ = {isa = PBXFileReference; fileEncoding = 4; lastKnownFileType = sourcecode.c.objc; path = CameraShowGLView.m; sourceTree = "<group>"; };
		84325FDB1C5C96BD00E9E873 /* CameraShowGLView.h */ = {isa = PBXFileReference; fileEncoding = 4; lastKnownFileType = sourcecode.c.h; path = CameraShowGLView.h; sourceTree = "<group>"; };
		84325FDC1C5C96BD00E9E873 /* MonitorView.xib */ = {isa = PBXFileReference; fileEncoding = 4; lastKnownFileType = file.xib; path = MonitorView.xib; sourceTree = "<group>"; };
		84325FDD1C5C96BD00E9E873 /* MonitorViewController.h */ = {isa = PBXFileReference; fileEncoding = 4; lastKnownFileType = sourcecode.c.h; path = MonitorViewController.h; sourceTree = "<group>"; };
		84325FDE1C5C96BD00E9E873 /* MonitorViewController.mm */ = {isa = PBXFileReference; fileEncoding = 4; lastKnownFileType = sourcecode.cpp.objcpp; path = MonitorViewController.mm; sourceTree = "<group>"; };
		84325FEE1C5CA66500E9E873 /* YUV420Shader.fsh */ = {isa = PBXFileReference; fileEncoding = 4; lastKnownFileType = sourcecode.glsl; path = YUV420Shader.fsh; sourceTree = "<group>"; };
		84325FEF1C5CA66500E9E873 /* YUV420Shader.vsh */ = {isa = PBXFileReference; fileEncoding = 4; lastKnownFileType = sourcecode.glsl; path = YUV420Shader.vsh; sourceTree = "<group>"; };
		84325FF01C5CA66500E9E873 /* DirectDisplayShader.fsh */ = {isa = PBXFileReference; fileEncoding = 4; lastKnownFileType = sourcecode.glsl; path = DirectDisplayShader.fsh; sourceTree = "<group>"; };
		84325FF11C5CA66500E9E873 /* DirectDisplayShader.vsh */ = {isa = PBXFileReference; fileEncoding = 4; lastKnownFileType = sourcecode.glsl; path = DirectDisplayShader.vsh; sourceTree = "<group>"; };
		845E48551C4DCB6100AAD5A5 /* ui */ = {isa = PBXFileReference; lastKnownFileType = folder; path = ui; sourceTree = "<group>"; };
		84697C231C5C61B200388077 /* RegexUtils.h */ = {isa = PBXFileReference; fileEncoding = 4; lastKnownFileType = sourcecode.c.h; path = RegexUtils.h; sourceTree = "<group>"; };
		84697C241C5C61B200388077 /* RegexUtils.m */ = {isa = PBXFileReference; fileEncoding = 4; lastKnownFileType = sourcecode.c.objc; path = RegexUtils.m; sourceTree = "<group>"; };
		84697C271C5C8BB600388077 /* DeviceVideoViewController.h */ = {isa = PBXFileReference; fileEncoding = 4; lastKnownFileType = sourcecode.c.h; path = DeviceVideoViewController.h; sourceTree = "<group>"; };
		84697C281C5C8BB600388077 /* DeviceVideoViewController.m */ = {isa = PBXFileReference; fileEncoding = 4; lastKnownFileType = sourcecode.c.objc; path = DeviceVideoViewController.m; sourceTree = "<group>"; };
		84697C291C5C8BB600388077 /* DeviceVideoViewController.xib */ = {isa = PBXFileReference; fileEncoding = 4; lastKnownFileType = file.xib; path = DeviceVideoViewController.xib; sourceTree = "<group>"; };
		847F9D1D1C50DB10005ED278 /* SKSTableView.h */ = {isa = PBXFileReference; fileEncoding = 4; lastKnownFileType = sourcecode.c.h; path = SKSTableView.h; sourceTree = "<group>"; };
		847F9D1E1C50DB10005ED278 /* SKSTableView.m */ = {isa = PBXFileReference; fileEncoding = 4; lastKnownFileType = sourcecode.c.objc; path = SKSTableView.m; sourceTree = "<group>"; };
		847F9D1F1C50DB10005ED278 /* SKSTableViewCell.h */ = {isa = PBXFileReference; fileEncoding = 4; lastKnownFileType = sourcecode.c.h; path = SKSTableViewCell.h; sourceTree = "<group>"; };
		847F9D201C50DB10005ED278 /* SKSTableViewCell.m */ = {isa = PBXFileReference; fileEncoding = 4; lastKnownFileType = sourcecode.c.objc; path = SKSTableViewCell.m; sourceTree = "<group>"; };
		847F9D211C50DB10005ED278 /* SKSTableViewCellIndicator.h */ = {isa = PBXFileReference; fileEncoding = 4; lastKnownFileType = sourcecode.c.h; path = SKSTableViewCellIndicator.h; sourceTree = "<group>"; };
		847F9D221C50DB10005ED278 /* SKSTableViewCellIndicator.m */ = {isa = PBXFileReference; fileEncoding = 4; lastKnownFileType = sourcecode.c.objc; path = SKSTableViewCellIndicator.m; sourceTree = "<group>"; };
		8484777D1C06E84700167C3A /* DeviceManagerViewController.h */ = {isa = PBXFileReference; fileEncoding = 4; lastKnownFileType = sourcecode.c.h; path = DeviceManagerViewController.h; sourceTree = "<group>"; };
		8484777E1C06E84700167C3A /* DeviceManagerViewController.m */ = {isa = PBXFileReference; fileEncoding = 4; lastKnownFileType = sourcecode.c.objc; path = DeviceManagerViewController.m; sourceTree = "<group>"; };
		848477801C06E86700167C3A /* UserManagerViewController.h */ = {isa = PBXFileReference; fileEncoding = 4; lastKnownFileType = sourcecode.c.h; path = UserManagerViewController.h; sourceTree = "<group>"; };
		848477811C06E86700167C3A /* UserManagerViewController.m */ = {isa = PBXFileReference; fileEncoding = 4; lastKnownFileType = sourcecode.c.objc; path = UserManagerViewController.m; sourceTree = "<group>"; };
		848477831C06EBD100167C3A /* DeviceRegisterViewController.h */ = {isa = PBXFileReference; fileEncoding = 4; lastKnownFileType = sourcecode.c.h; path = DeviceRegisterViewController.h; sourceTree = "<group>"; };
		848477841C06EBD100167C3A /* DeviceRegisterViewController.m */ = {isa = PBXFileReference; fileEncoding = 4; lastKnownFileType = sourcecode.c.objc; path = DeviceRegisterViewController.m; sourceTree = "<group>"; };
		848477861C06ED3700167C3A /* DeviceDeleteViewController.h */ = {isa = PBXFileReference; fileEncoding = 4; lastKnownFileType = sourcecode.c.h; path = DeviceDeleteViewController.h; sourceTree = "<group>"; };
		848477871C06ED3700167C3A /* DeviceDeleteViewController.m */ = {isa = PBXFileReference; fileEncoding = 4; lastKnownFileType = sourcecode.c.objc; path = DeviceDeleteViewController.m; sourceTree = "<group>"; };
		848477891C06EDB500167C3A /* UserRegisterViewController.h */ = {isa = PBXFileReference; fileEncoding = 4; lastKnownFileType = sourcecode.c.h; path = UserRegisterViewController.h; sourceTree = "<group>"; };
		8484778A1C06EDB500167C3A /* UserRegisterViewController.m */ = {isa = PBXFileReference; fileEncoding = 4; lastKnownFileType = sourcecode.c.objc; path = UserRegisterViewController.m; sourceTree = "<group>"; };
		8484778C1C06EE6300167C3A /* FindPassViewController.h */ = {isa = PBXFileReference; fileEncoding = 4; lastKnownFileType = sourcecode.c.h; path = FindPassViewController.h; sourceTree = "<group>"; };
		8484778D1C06EE6300167C3A /* FindPassViewController.m */ = {isa = PBXFileReference; fileEncoding = 4; lastKnownFileType = sourcecode.c.objc; path = FindPassViewController.m; sourceTree = "<group>"; };
		848477901C07033700167C3A /* AnimationUtils.h */ = {isa = PBXFileReference; fileEncoding = 4; lastKnownFileType = sourcecode.c.h; path = AnimationUtils.h; sourceTree = "<group>"; };
		848477911C07033700167C3A /* AnimationUtils.m */ = {isa = PBXFileReference; fileEncoding = 4; lastKnownFileType = sourcecode.c.objc; path = AnimationUtils.m; sourceTree = "<group>"; };
		8488BC451BEC887500803B96 /* HYLDevicesController.h */ = {isa = PBXFileReference; fileEncoding = 4; lastKnownFileType = sourcecode.c.h; path = HYLDevicesController.h; sourceTree = "<group>"; };
		8488BC461BEC887500803B96 /* HYLDevicesController.m */ = {isa = PBXFileReference; fileEncoding = 4; lastKnownFileType = sourcecode.c.objc; path = HYLDevicesController.m; sourceTree = "<group>"; };
		8488BC491BEC8F8600803B96 /* HYLClassUtils.h */ = {isa = PBXFileReference; fileEncoding = 4; lastKnownFileType = sourcecode.c.h; path = HYLClassUtils.h; sourceTree = "<group>"; };
		8488BC4A1BEC8F8600803B96 /* HYLClassUtils.m */ = {isa = PBXFileReference; fileEncoding = 4; lastKnownFileType = sourcecode.c.objc; path = HYLClassUtils.m; sourceTree = "<group>"; };
		8488BC4C1BEC8FA400803B96 /* HYLCache.h */ = {isa = PBXFileReference; fileEncoding = 4; lastKnownFileType = sourcecode.c.h; path = HYLCache.h; sourceTree = "<group>"; };
		8488BC4D1BEC8FA400803B96 /* HYLCache.m */ = {isa = PBXFileReference; fileEncoding = 4; lastKnownFileType = sourcecode.c.objc; path = HYLCache.m; sourceTree = "<group>"; };
		84992F191BFC32BE00D890A2 /* ZDItem.h */ = {isa = PBXFileReference; fileEncoding = 4; lastKnownFileType = sourcecode.c.h; path = ZDItem.h; sourceTree = "<group>"; };
		84992F1A1BFC32BE00D890A2 /* ZDItem.m */ = {isa = PBXFileReference; fileEncoding = 4; lastKnownFileType = sourcecode.c.objc; path = ZDItem.m; sourceTree = "<group>"; };
		84C2738E1BEC46FA00C52577 /* ZeroDev.app */ = {isa = PBXFileReference; explicitFileType = wrapper.application; includeInIndex = 0; path = ZeroDev.app; sourceTree = BUILT_PRODUCTS_DIR; };
		84C273921BEC46FA00C52577 /* Info.plist */ = {isa = PBXFileReference; lastKnownFileType = text.plist.xml; path = Info.plist; sourceTree = "<group>"; };
		84C273931BEC46FA00C52577 /* main.m */ = {isa = PBXFileReference; lastKnownFileType = sourcecode.c.objc; path = main.m; sourceTree = "<group>"; };
		84C273951BEC46FA00C52577 /* AppDelegate.h */ = {isa = PBXFileReference; lastKnownFileType = sourcecode.c.h; path = AppDelegate.h; sourceTree = "<group>"; };
		84C273961BEC46FA00C52577 /* AppDelegate.m */ = {isa = PBXFileReference; lastKnownFileType = sourcecode.c.objc; path = AppDelegate.m; sourceTree = "<group>"; };
		84C2739C1BEC46FA00C52577 /* Base */ = {isa = PBXFileReference; lastKnownFileType = file.storyboard; name = Base; path = Base.lproj/Main.storyboard; sourceTree = "<group>"; };
		84C2739E1BEC46FA00C52577 /* Images.xcassets */ = {isa = PBXFileReference; lastKnownFileType = folder.assetcatalog; path = Images.xcassets; sourceTree = "<group>"; };
		84C273A11BEC46FA00C52577 /* Base */ = {isa = PBXFileReference; lastKnownFileType = file.xib; name = Base; path = Base.lproj/LaunchScreen.xib; sourceTree = "<group>"; };
		84C273A71BEC46FA00C52577 /* ZeroDevTests.xctest */ = {isa = PBXFileReference; explicitFileType = wrapper.cfbundle; includeInIndex = 0; path = ZeroDevTests.xctest; sourceTree = BUILT_PRODUCTS_DIR; };
		84C273AC1BEC46FA00C52577 /* Info.plist */ = {isa = PBXFileReference; lastKnownFileType = text.plist.xml; path = Info.plist; sourceTree = "<group>"; };
		84C273AD1BEC46FA00C52577 /* ZeroDevTests.m */ = {isa = PBXFileReference; lastKnownFileType = sourcecode.c.objc; path = ZeroDevTests.m; sourceTree = "<group>"; };
		84C273D31BEC55DD00C52577 /* LoginViewController.h */ = {isa = PBXFileReference; fileEncoding = 4; lastKnownFileType = sourcecode.c.h; path = LoginViewController.h; sourceTree = "<group>"; };
		84C273D41BEC55DD00C52577 /* LoginViewController.m */ = {isa = PBXFileReference; fileEncoding = 4; lastKnownFileType = sourcecode.c.objc; path = LoginViewController.m; sourceTree = "<group>"; };
		84C273D71BEC67BA00C52577 /* ELNetworkService.framework */ = {isa = PBXFileReference; lastKnownFileType = wrapper.framework; path = ELNetworkService.framework; sourceTree = "<group>"; };
		84C3C3D41C5622CB00D9B7F2 /* QRStyleUtils.h */ = {isa = PBXFileReference; fileEncoding = 4; lastKnownFileType = sourcecode.c.h; path = QRStyleUtils.h; sourceTree = "<group>"; };
		84C3C3D51C5622CC00D9B7F2 /* QRStyleUtils.m */ = {isa = PBXFileReference; fileEncoding = 4; lastKnownFileType = sourcecode.c.objc; path = QRStyleUtils.m; sourceTree = "<group>"; };
		84C3C3D71C5625D000D9B7F2 /* ZeroDevPrefixHeader.pch */ = {isa = PBXFileReference; lastKnownFileType = sourcecode.c.h; path = ZeroDevPrefixHeader.pch; sourceTree = "<group>"; };
		84C3C3DC1C576D1600D9B7F2 /* CustomNavigationController.h */ = {isa = PBXFileReference; fileEncoding = 4; lastKnownFileType = sourcecode.c.h; path = CustomNavigationController.h; sourceTree = "<group>"; };
		84C3C3DD1C576D1600D9B7F2 /* CustomNavigationController.m */ = {isa = PBXFileReference; fileEncoding = 4; lastKnownFileType = sourcecode.c.objc; path = CustomNavigationController.m; sourceTree = "<group>"; };
		84C3C3E41C58A36B00D9B7F2 /* KCacheKeyvalues.h */ = {isa = PBXFileReference; lastKnownFileType = sourcecode.c.h; path = KCacheKeyvalues.h; sourceTree = "<group>"; };
		84C700DB1C534BC3007FA60F /* LeftViewController.h */ = {isa = PBXFileReference; fileEncoding = 4; lastKnownFileType = sourcecode.c.h; path = LeftViewController.h; sourceTree = "<group>"; };
		84C700DC1C534BC3007FA60F /* LeftViewController.m */ = {isa = PBXFileReference; fileEncoding = 4; lastKnownFileType = sourcecode.c.objc; path = LeftViewController.m; sourceTree = "<group>"; };
		84C700DD1C534BC3007FA60F /* LeftViewController.xib */ = {isa = PBXFileReference; fileEncoding = 4; lastKnownFileType = file.xib; path = LeftViewController.xib; sourceTree = "<group>"; };
		84C7011A1C536810007FA60F /* expandableImage@2x.png */ = {isa = PBXFileReference; lastKnownFileType = image.png; path = "expandableImage@2x.png"; sourceTree = "<group>"; };
		84CBE8FB1C040048001CBF29 /* HomeViewController.h */ = {isa = PBXFileReference; fileEncoding = 4; lastKnownFileType = sourcecode.c.h; path = HomeViewController.h; sourceTree = "<group>"; };
		84CBE8FC1C040048001CBF29 /* HomeViewController.m */ = {isa = PBXFileReference; fileEncoding = 4; lastKnownFileType = sourcecode.c.objc; path = HomeViewController.m; sourceTree = "<group>"; };
		84CBE8FE1C040A60001CBF29 /* AppManager.h */ = {isa = PBXFileReference; fileEncoding = 4; lastKnownFileType = sourcecode.c.h; path = AppManager.h; sourceTree = "<group>"; };
		84CBE8FF1C040A60001CBF29 /* AppManager.m */ = {isa = PBXFileReference; fileEncoding = 4; lastKnownFileType = sourcecode.c.objc; path = AppManager.m; sourceTree = "<group>"; };
		84CBE9011C0435A5001CBF29 /* JSONManager.h */ = {isa = PBXFileReference; fileEncoding = 4; lastKnownFileType = sourcecode.c.h; path = JSONManager.h; sourceTree = "<group>"; };
		84CBE9021C0435A5001CBF29 /* JSONManager.m */ = {isa = PBXFileReference; fileEncoding = 4; lastKnownFileType = sourcecode.c.objc; path = JSONManager.m; sourceTree = "<group>"; };
		84CBE9041C044606001CBF29 /* HYLSharePreference.h */ = {isa = PBXFileReference; fileEncoding = 4; lastKnownFileType = sourcecode.c.h; path = HYLSharePreference.h; sourceTree = "<group>"; };
		84CBE9051C044606001CBF29 /* HYLSharePreference.m */ = {isa = PBXFileReference; fileEncoding = 4; lastKnownFileType = sourcecode.c.objc; path = HYLSharePreference.m; sourceTree = "<group>"; };
		84CBE9071C046862001CBF29 /* DeviceInfoViewController.h */ = {isa = PBXFileReference; fileEncoding = 4; lastKnownFileType = sourcecode.c.h; path = DeviceInfoViewController.h; sourceTree = "<group>"; };
		84CBE9081C046862001CBF29 /* DeviceInfoViewController.m */ = {isa = PBXFileReference; fileEncoding = 4; lastKnownFileType = sourcecode.c.objc; path = DeviceInfoViewController.m; sourceTree = "<group>"; };
		84CBE90D1C058D1C001CBF29 /* ModalView.xib */ = {isa = PBXFileReference; fileEncoding = 4; lastKnownFileType = file.xib; path = ModalView.xib; sourceTree = "<group>"; };
		84CBE90F1C059368001CBF29 /* ModalView.h */ = {isa = PBXFileReference; fileEncoding = 4; lastKnownFileType = sourcecode.c.h; path = ModalView.h; sourceTree = "<group>"; };
		84CBE9101C059368001CBF29 /* ModalView.m */ = {isa = PBXFileReference; fileEncoding = 4; lastKnownFileType = sourcecode.c.objc; path = ModalView.m; sourceTree = "<group>"; };
		84CCFB171C5AF68100F42003 /* InfoPlist.strings */ = {isa = PBXFileReference; fileEncoding = 4; lastKnownFileType = text.plist.strings; path = InfoPlist.strings; sourceTree = "<group>"; };
		84CCFB191C5B0A6400F42003 /* DeviceConfigViewController.h */ = {isa = PBXFileReference; fileEncoding = 4; lastKnownFileType = sourcecode.c.h; path = DeviceConfigViewController.h; sourceTree = "<group>"; };
		84CCFB1A1C5B0A6400F42003 /* DeviceConfigViewController.m */ = {isa = PBXFileReference; fileEncoding = 4; lastKnownFileType = sourcecode.c.objc; path = DeviceConfigViewController.m; sourceTree = "<group>"; };
		84CCFB5C1C5B5E5800F42003 /* Localizable.strings */ = {isa = PBXFileReference; fileEncoding = 4; lastKnownFileType = text.plist.strings; path = Localizable.strings; sourceTree = "<group>"; };
		84CCFB5F1C5B625800F42003 /* QRCodeShowViewController.h */ = {isa = PBXFileReference; fileEncoding = 4; lastKnownFileType = sourcecode.c.h; path = QRCodeShowViewController.h; sourceTree = "<group>"; };
		84CCFB601C5B625800F42003 /* QRCodeShowViewController.m */ = {isa = PBXFileReference; fileEncoding = 4; lastKnownFileType = sourcecode.c.objc; path = QRCodeShowViewController.m; sourceTree = "<group>"; };
		84CCFB611C5B625800F42003 /* QRCodeShowViewController.xib */ = {isa = PBXFileReference; fileEncoding = 4; lastKnownFileType = file.xib; path = QRCodeShowViewController.xib; sourceTree = "<group>"; };
		9AEC66BEC68ABDAA4FFFB25D /* libPods.a */ = {isa = PBXFileReference; explicitFileType = archive.ar; includeInIndex = 0; path = libPods.a; sourceTree = BUILT_PRODUCTS_DIR; };
/* End PBXFileReference section */

/* Begin PBXFrameworksBuildPhase section */
		84C2738B1BEC46FA00C52577 /* Frameworks */ = {
			isa = PBXFrameworksBuildPhase;
			buildActionMask = 2147483647;
			files = (
				84325FCF1C5C965A00E9E873 /* SystemConfiguration.framework in Frameworks */,
				84325FCD1C5C965200E9E873 /* AssetsLibrary.framework in Frameworks */,
				84325FCB1C5C964A00E9E873 /* AudioToolbox.framework in Frameworks */,
				84325FC91C5C964400E9E873 /* OpenAL.framework in Frameworks */,
				84325FC71C5C963D00E9E873 /* AVFoundation.framework in Frameworks */,
				84325FC51C5C963300E9E873 /* CFNetwork.framework in Frameworks */,
				84325FC31C5C962B00E9E873 /* GLKit.framework in Frameworks */,
				84325FC11C5C962400E9E873 /* Security.framework in Frameworks */,
				84325FBF1C5C961700E9E873 /* CoreVideo.framework in Frameworks */,
				84325FBD1C5C960C00E9E873 /* libstdc++.6.0.9.dylib in Frameworks */,
				84325FBB1C5C960000E9E873 /* libxml2.dylib in Frameworks */,
				84325FB91C5C95F000E9E873 /* libz.dylib in Frameworks */,
				84325FB71C5C95E600E9E873 /* libiconv.dylib in Frameworks */,
				84325FB51C5C95D000E9E873 /* QuartzCore.framework in Frameworks */,
				84325FB31C5C95BD00E9E873 /* libbz2.1.0.dylib in Frameworks */,
				84325FB11C5C95A800E9E873 /* Accelerate.framework in Frameworks */,
				84325FAF1C5C959B00E9E873 /* VideoToolbox.framework in Frameworks */,
				84C273D81BEC67BA00C52577 /* ELNetworkService.framework in Frameworks */,
				84325FAC1C5C953400E9E873 /* IOTCamera.framework in Frameworks */,
				84325FAD1C5C953400E9E873 /* libIOTCAPIs_ALL.a in Frameworks */,
				187526C342650BB622D5430D /* libPods.a in Frameworks */,
			);
			runOnlyForDeploymentPostprocessing = 0;
		};
		84C273A41BEC46FA00C52577 /* Frameworks */ = {
			isa = PBXFrameworksBuildPhase;
			buildActionMask = 2147483647;
			files = (
			);
			runOnlyForDeploymentPostprocessing = 0;
		};
/* End PBXFrameworksBuildPhase section */

/* Begin PBXGroup section */
		172CBF0E2C09348CCCF582C0 /* Frameworks */ = {
			isa = PBXGroup;
			children = (
				84325FCE1C5C965A00E9E873 /* SystemConfiguration.framework */,
				84325FCC1C5C965200E9E873 /* AssetsLibrary.framework */,
				84325FCA1C5C964A00E9E873 /* AudioToolbox.framework */,
				84325FC81C5C964400E9E873 /* OpenAL.framework */,
				84325FC61C5C963D00E9E873 /* AVFoundation.framework */,
				84325FC41C5C963300E9E873 /* CFNetwork.framework */,
				84325FC21C5C962B00E9E873 /* GLKit.framework */,
				84325FC01C5C962400E9E873 /* Security.framework */,
				84325FBE1C5C961700E9E873 /* CoreVideo.framework */,
				84325FBC1C5C960C00E9E873 /* libstdc++.6.0.9.dylib */,
				84325FBA1C5C960000E9E873 /* libxml2.dylib */,
				84325FB81C5C95F000E9E873 /* libz.dylib */,
				84325FB61C5C95E600E9E873 /* libiconv.dylib */,
				84325FB41C5C95D000E9E873 /* QuartzCore.framework */,
				84325FB21C5C95BD00E9E873 /* libbz2.1.0.dylib */,
				84325FB01C5C95A800E9E873 /* Accelerate.framework */,
				84325FAE1C5C959B00E9E873 /* VideoToolbox.framework */,
				84325FAA1C5C953400E9E873 /* IOTCamera.framework */,
				84325FAB1C5C953400E9E873 /* libIOTCAPIs_ALL.a */,
				9AEC66BEC68ABDAA4FFFB25D /* libPods.a */,
			);
			name = Frameworks;
			sourceTree = "<group>";
		};
		525A77152FA6BE90874AEC05 /* Pods */ = {
			isa = PBXGroup;
			children = (
				6E847DE7A8CC4497E18F85E0 /* Pods.debug.xcconfig */,
				7692A53577CA343C4467CC5F /* Pods.release.xcconfig */,
			);
			name = Pods;
			sourceTree = "<group>";
		};
		84325FEC1C5C96C500E9E873 /* psd */ = {
			isa = PBXGroup;
			children = (
				84325FED1C5CA5F600E9E873 /* Shaders */,
				84325FD01C5C96BD00E9E873 /* MyCamera.h */,
				84325FD11C5C96BD00E9E873 /* MyCamera.m */,
				84325FD21C5C96BD00E9E873 /* WiFiPassword.xib */,
				84325FD31C5C96BD00E9E873 /* EditWiFiPasswordController.h */,
				84325FD41C5C96BD00E9E873 /* EditWiFiPasswordController.m */,
				84325FD51C5C96BD00E9E873 /* WiFiNetworkController.h */,
				84325FD61C5C96BD00E9E873 /* WiFiNetworkController.m */,
				84325FD71C5C96BD00E9E873 /* EditWiFiViewController.h */,
				84325FD81C5C96BD00E9E873 /* EditWiFiViewController.m */,
				84325FD91C5C96BD00E9E873 /* EditWiFiViewController.xib */,
				84325FDA1C5C96BD00E9E873 /* CameraShowGLView.m */,
				84325FDB1C5C96BD00E9E873 /* CameraShowGLView.h */,
				84325FDC1C5C96BD00E9E873 /* MonitorView.xib */,
				84325FDD1C5C96BD00E9E873 /* MonitorViewController.h */,
				84325FDE1C5C96BD00E9E873 /* MonitorViewController.mm */,
			);
			name = psd;
			sourceTree = "<group>";
		};
		84325FED1C5CA5F600E9E873 /* Shaders */ = {
			isa = PBXGroup;
			children = (
				84325FEE1C5CA66500E9E873 /* YUV420Shader.fsh */,
				84325FEF1C5CA66500E9E873 /* YUV420Shader.vsh */,
				84325FF01C5CA66500E9E873 /* DirectDisplayShader.fsh */,
				84325FF11C5CA66500E9E873 /* DirectDisplayShader.vsh */,
			);
			name = Shaders;
			sourceTree = "<group>";
		};
		84697C261C5C8B7B00388077 /* video */ = {
			isa = PBXGroup;
			children = (
				84325FEC1C5C96C500E9E873 /* psd */,
				84697C271C5C8BB600388077 /* DeviceVideoViewController.h */,
				84697C281C5C8BB600388077 /* DeviceVideoViewController.m */,
				84697C291C5C8BB600388077 /* DeviceVideoViewController.xib */,
			);
			name = video;
			sourceTree = "<group>";
		};
		847F9D1C1C50DACC005ED278 /* SKSTableViewImpl */ = {
			isa = PBXGroup;
			children = (
				84C7011A1C536810007FA60F /* expandableImage@2x.png */,
				847F9D1D1C50DB10005ED278 /* SKSTableView.h */,
				847F9D1E1C50DB10005ED278 /* SKSTableView.m */,
				847F9D1F1C50DB10005ED278 /* SKSTableViewCell.h */,
				847F9D201C50DB10005ED278 /* SKSTableViewCell.m */,
				847F9D211C50DB10005ED278 /* SKSTableViewCellIndicator.h */,
				847F9D221C50DB10005ED278 /* SKSTableViewCellIndicator.m */,
			);
			name = SKSTableViewImpl;
			sourceTree = "<group>";
		};
		8484778F1C07030200167C3A /* animation */ = {
			isa = PBXGroup;
			children = (
				848477901C07033700167C3A /* AnimationUtils.h */,
				848477911C07033700167C3A /* AnimationUtils.m */,
			);
			name = animation;
			sourceTree = "<group>";
		};
		8488BC481BEC8EFF00803B96 /* serialize */ = {
			isa = PBXGroup;
			children = (
				8488BC4C1BEC8FA400803B96 /* HYLCache.h */,
				8488BC4D1BEC8FA400803B96 /* HYLCache.m */,
				8488BC491BEC8F8600803B96 /* HYLClassUtils.h */,
				8488BC4A1BEC8F8600803B96 /* HYLClassUtils.m */,
				84CBE9041C044606001CBF29 /* HYLSharePreference.h */,
				84CBE9051C044606001CBF29 /* HYLSharePreference.m */,
			);
			name = serialize;
			sourceTree = "<group>";
		};
		84992F181BFC326800D890A2 /* bean */ = {
			isa = PBXGroup;
			children = (
				84992F191BFC32BE00D890A2 /* ZDItem.h */,
				84992F1A1BFC32BE00D890A2 /* ZDItem.m */,
			);
			name = bean;
			sourceTree = "<group>";
		};
		84C273851BEC46FA00C52577 = {
			isa = PBXGroup;
			children = (
				84C273901BEC46FA00C52577 /* ZeroDev */,
				84C273AA1BEC46FA00C52577 /* ZeroDevTests */,
				84C2738F1BEC46FA00C52577 /* Products */,
				525A77152FA6BE90874AEC05 /* Pods */,
				172CBF0E2C09348CCCF582C0 /* Frameworks */,
			);
			sourceTree = "<group>";
		};
		84C2738F1BEC46FA00C52577 /* Products */ = {
			isa = PBXGroup;
			children = (
				84C2738E1BEC46FA00C52577 /* ZeroDev.app */,
				84C273A71BEC46FA00C52577 /* ZeroDevTests.xctest */,
			);
			name = Products;
			sourceTree = "<group>";
		};
		84C273901BEC46FA00C52577 /* ZeroDev */ = {
			isa = PBXGroup;
			children = (
				84C3C3E01C58A1DE00D9B7F2 /* cache */,
				84C3C3D31C56225E00D9B7F2 /* Utils */,
				84C273D61BEC679D00C52577 /* library */,
				8484778F1C07030200167C3A /* animation */,
				84CBE8F41C03FB68001CBF29 /* resourcemanager */,
				84992F181BFC326800D890A2 /* bean */,
				8488BC481BEC8EFF00803B96 /* serialize */,
				84C274291BEC6C3400C52577 /* res */,
				84C273D21BEC55A800C52577 /* ViewController */,
				84C273B71BEC472500C52577 /* SlideNav */,
				84C273951BEC46FA00C52577 /* AppDelegate.h */,
				84C273961BEC46FA00C52577 /* AppDelegate.m */,
				84C2739B1BEC46FA00C52577 /* Main.storyboard */,
				84C2739E1BEC46FA00C52577 /* Images.xcassets */,
				84C273A01BEC46FA00C52577 /* LaunchScreen.xib */,
				84CBE90D1C058D1C001CBF29 /* ModalView.xib */,
				84C273911BEC46FA00C52577 /* Supporting Files */,
				84CBE90F1C059368001CBF29 /* ModalView.h */,
				84CBE9101C059368001CBF29 /* ModalView.m */,
			);
			path = ZeroDev;
			sourceTree = "<group>";
		};
		84C273911BEC46FA00C52577 /* Supporting Files */ = {
			isa = PBXGroup;
			children = (
				84C273921BEC46FA00C52577 /* Info.plist */,
				84CCFB171C5AF68100F42003 /* InfoPlist.strings */,
				84C273931BEC46FA00C52577 /* main.m */,
				84C3C3D71C5625D000D9B7F2 /* ZeroDevPrefixHeader.pch */,
				84CCFB5C1C5B5E5800F42003 /* Localizable.strings */,
			);
			name = "Supporting Files";
			sourceTree = "<group>";
		};
		84C273AA1BEC46FA00C52577 /* ZeroDevTests */ = {
			isa = PBXGroup;
			children = (
				84C273AD1BEC46FA00C52577 /* ZeroDevTests.m */,
				84C273AB1BEC46FA00C52577 /* Supporting Files */,
			);
			path = ZeroDevTests;
			sourceTree = "<group>";
		};
		84C273AB1BEC46FA00C52577 /* Supporting Files */ = {
			isa = PBXGroup;
			children = (
				84C273AC1BEC46FA00C52577 /* Info.plist */,
			);
			name = "Supporting Files";
			sourceTree = "<group>";
		};
		84C273B71BEC472500C52577 /* SlideNav */ = {
			isa = PBXGroup;
			children = (
				847F9D1C1C50DACC005ED278 /* SKSTableViewImpl */,
				84C3C3DC1C576D1600D9B7F2 /* CustomNavigationController.h */,
				84C3C3DD1C576D1600D9B7F2 /* CustomNavigationController.m */,
			);
			name = SlideNav;
			sourceTree = "<group>";
		};
		84C273D21BEC55A800C52577 /* ViewController */ = {
			isa = PBXGroup;
			children = (
				84697C261C5C8B7B00388077 /* video */,
				84CCFB5E1C5B61DF00F42003 /* other */,
				84C700DA1C534B94007FA60F /* leftmenu */,
				8488BC451BEC887500803B96 /* HYLDevicesController.h */,
				8488BC461BEC887500803B96 /* HYLDevicesController.m */,
				84C273D31BEC55DD00C52577 /* LoginViewController.h */,
				84C273D41BEC55DD00C52577 /* LoginViewController.m */,
				84CBE8FB1C040048001CBF29 /* HomeViewController.h */,
				84CBE8FC1C040048001CBF29 /* HomeViewController.m */,
				84CBE9071C046862001CBF29 /* DeviceInfoViewController.h */,
				84CBE9081C046862001CBF29 /* DeviceInfoViewController.m */,
				84CCFB191C5B0A6400F42003 /* DeviceConfigViewController.h */,
				84CCFB1A1C5B0A6400F42003 /* DeviceConfigViewController.m */,
				848477841C06EBD100167C3A /* DeviceRegisterViewController.m */,
				848477871C06ED3700167C3A /* DeviceDeleteViewController.m */,
				8484778C1C06EE6300167C3A /* FindPassViewController.h */,
				8484778D1C06EE6300167C3A /* FindPassViewController.m */,
				8484777D1C06E84700167C3A /* DeviceManagerViewController.h */,
				8484777E1C06E84700167C3A /* DeviceManagerViewController.m */,
				848477801C06E86700167C3A /* UserManagerViewController.h */,
				848477811C06E86700167C3A /* UserManagerViewController.m */,
				848477831C06EBD100167C3A /* DeviceRegisterViewController.h */,
				848477861C06ED3700167C3A /* DeviceDeleteViewController.h */,
				848477891C06EDB500167C3A /* UserRegisterViewController.h */,
				8484778A1C06EDB500167C3A /* UserRegisterViewController.m */,
			);
			name = ViewController;
			sourceTree = "<group>";
		};
		84C273D61BEC679D00C52577 /* library */ = {
			isa = PBXGroup;
			children = (
				84C273D71BEC67BA00C52577 /* ELNetworkService.framework */,
			);
			name = library;
			sourceTree = "<group>";
		};
		84C274291BEC6C3400C52577 /* res */ = {
			isa = PBXGroup;
			children = (
				845E48551C4DCB6100AAD5A5 /* ui */,
			);
			name = res;
			sourceTree = "<group>";
		};
		84C3C3D31C56225E00D9B7F2 /* Utils */ = {
			isa = PBXGroup;
			children = (
				84C3C3D41C5622CB00D9B7F2 /* QRStyleUtils.h */,
				84C3C3D51C5622CC00D9B7F2 /* QRStyleUtils.m */,
				84697C231C5C61B200388077 /* RegexUtils.h */,
				84697C241C5C61B200388077 /* RegexUtils.m */,
			);
			name = Utils;
			sourceTree = "<group>";
		};
		84C3C3E01C58A1DE00D9B7F2 /* cache */ = {
			isa = PBXGroup;
			children = (
				84C3C3E41C58A36B00D9B7F2 /* KCacheKeyvalues.h */,
			);
			name = cache;
			sourceTree = "<group>";
		};
		84C700DA1C534B94007FA60F /* leftmenu */ = {
			isa = PBXGroup;
			children = (
				84C700DB1C534BC3007FA60F /* LeftViewController.h */,
				84C700DC1C534BC3007FA60F /* LeftViewController.m */,
				84C700DD1C534BC3007FA60F /* LeftViewController.xib */,
			);
			name = leftmenu;
			sourceTree = "<group>";
		};
		84CBE8F41C03FB68001CBF29 /* resourcemanager */ = {
			isa = PBXGroup;
			children = (
				84CBE8FE1C040A60001CBF29 /* AppManager.h */,
				84CBE8FF1C040A60001CBF29 /* AppManager.m */,
				84CBE9011C0435A5001CBF29 /* JSONManager.h */,
				84CBE9021C0435A5001CBF29 /* JSONManager.m */,
			);
			name = resourcemanager;
			sourceTree = "<group>";
		};
		84CCFB5E1C5B61DF00F42003 /* other */ = {
			isa = PBXGroup;
			children = (
				84CCFB5F1C5B625800F42003 /* QRCodeShowViewController.h */,
				84CCFB601C5B625800F42003 /* QRCodeShowViewController.m */,
				84CCFB611C5B625800F42003 /* QRCodeShowViewController.xib */,
			);
			name = other;
			sourceTree = "<group>";
		};
/* End PBXGroup section */

/* Begin PBXNativeTarget section */
		84C2738D1BEC46FA00C52577 /* ZeroDev */ = {
			isa = PBXNativeTarget;
			buildConfigurationList = 84C273B11BEC46FA00C52577 /* Build configuration list for PBXNativeTarget "ZeroDev" */;
			buildPhases = (
				9699C6783576B9CF739A0890 /* Check Pods Manifest.lock */,
				84C2738A1BEC46FA00C52577 /* Sources */,
				84C2738B1BEC46FA00C52577 /* Frameworks */,
				84C2738C1BEC46FA00C52577 /* Resources */,
				6535BDB89A03841ED3E6DF8C /* Copy Pods Resources */,
			);
			buildRules = (
			);
			dependencies = (
			);
			name = ZeroDev;
			productName = ZeroDev;
			productReference = 84C2738E1BEC46FA00C52577 /* ZeroDev.app */;
			productType = "com.apple.product-type.application";
		};
		84C273A61BEC46FA00C52577 /* ZeroDevTests */ = {
			isa = PBXNativeTarget;
			buildConfigurationList = 84C273B41BEC46FA00C52577 /* Build configuration list for PBXNativeTarget "ZeroDevTests" */;
			buildPhases = (
				84C273A31BEC46FA00C52577 /* Sources */,
				84C273A41BEC46FA00C52577 /* Frameworks */,
				84C273A51BEC46FA00C52577 /* Resources */,
			);
			buildRules = (
			);
			dependencies = (
				84C273A91BEC46FA00C52577 /* PBXTargetDependency */,
			);
			name = ZeroDevTests;
			productName = ZeroDevTests;
			productReference = 84C273A71BEC46FA00C52577 /* ZeroDevTests.xctest */;
			productType = "com.apple.product-type.bundle.unit-test";
		};
/* End PBXNativeTarget section */

/* Begin PBXProject section */
		84C273861BEC46FA00C52577 /* Project object */ = {
			isa = PBXProject;
			attributes = {
				LastUpgradeCheck = 0640;
				ORGANIZATIONNAME = "cn.lztech  &#21512;&#32933;&#32852;&#27491;&#30005;&#23376;&#31185;&#25216;&#26377;&#38480;&#20844;&#21496;";
				TargetAttributes = {
					84C2738D1BEC46FA00C52577 = {
						CreatedOnToolsVersion = 6.4;
					};
					84C273A61BEC46FA00C52577 = {
						CreatedOnToolsVersion = 6.4;
						TestTargetID = 84C2738D1BEC46FA00C52577;
					};
				};
			};
			buildConfigurationList = 84C273891BEC46FA00C52577 /* Build configuration list for PBXProject "ZeroDev" */;
			compatibilityVersion = "Xcode 3.2";
			developmentRegion = English;
			hasScannedForEncodings = 0;
			knownRegions = (
				en,
				Base,
			);
			mainGroup = 84C273851BEC46FA00C52577;
			productRefGroup = 84C2738F1BEC46FA00C52577 /* Products */;
			projectDirPath = "";
			projectRoot = "";
			targets = (
				84C2738D1BEC46FA00C52577 /* ZeroDev */,
				84C273A61BEC46FA00C52577 /* ZeroDevTests */,
			);
		};
/* End PBXProject section */

/* Begin PBXResourcesBuildPhase section */
		84C2738C1BEC46FA00C52577 /* Resources */ = {
			isa = PBXResourcesBuildPhase;
			buildActionMask = 2147483647;
			files = (
				84325FF51C5CA66500E9E873 /* DirectDisplayShader.vsh in Resources */,
				84325FF41C5CA66500E9E873 /* DirectDisplayShader.fsh in Resources */,
				84325FF31C5CA66500E9E873 /* YUV420Shader.vsh in Resources */,
				84C2739D1BEC46FA00C52577 /* Main.storyboard in Resources */,
				84CCFB181C5AF68100F42003 /* InfoPlist.strings in Resources */,
				84325FF21C5CA66500E9E873 /* YUV420Shader.fsh in Resources */,
				84C700DF1C534BC3007FA60F /* LeftViewController.xib in Resources */,
				84325FE81C5C96BD00E9E873 /* MonitorView.xib in Resources */,
				84CCFB631C5B625800F42003 /* QRCodeShowViewController.xib in Resources */,
				84CBE90E1C058D1D001CBF29 /* ModalView.xib in Resources */,
				84CCFB5D1C5B5E5800F42003 /* Localizable.strings in Resources */,
				84325FE61C5C96BD00E9E873 /* EditWiFiViewController.xib in Resources */,
				84C273A21BEC46FA00C52577 /* LaunchScreen.xib in Resources */,
				845E48561C4DCB6100AAD5A5 /* ui in Resources */,
				84C7011C1C536810007FA60F /* expandableImage@2x.png in Resources */,
				84697C2B1C5C8BB600388077 /* DeviceVideoViewController.xib in Resources */,
				84C2739F1BEC46FA00C52577 /* Images.xcassets in Resources */,
				84325FE21C5C96BD00E9E873 /* WiFiPassword.xib in Resources */,
			);
			runOnlyForDeploymentPostprocessing = 0;
		};
		84C273A51BEC46FA00C52577 /* Resources */ = {
			isa = PBXResourcesBuildPhase;
			buildActionMask = 2147483647;
			files = (
			);
			runOnlyForDeploymentPostprocessing = 0;
		};
/* End PBXResourcesBuildPhase section */

/* Begin PBXShellScriptBuildPhase section */
		6535BDB89A03841ED3E6DF8C /* Copy Pods Resources */ = {
			isa = PBXShellScriptBuildPhase;
			buildActionMask = 2147483647;
			files = (
			);
			inputPaths = (
			);
			name = "Copy Pods Resources";
			outputPaths = (
			);
			runOnlyForDeploymentPostprocessing = 0;
			shellPath = /bin/sh;
			shellScript = "\"${SRCROOT}/Pods/Target Support Files/Pods/Pods-resources.sh\"\n";
			showEnvVarsInLog = 0;
		};
		9699C6783576B9CF739A0890 /* Check Pods Manifest.lock */ = {
			isa = PBXShellScriptBuildPhase;
			buildActionMask = 2147483647;
			files = (
			);
			inputPaths = (
			);
			name = "Check Pods Manifest.lock";
			outputPaths = (
			);
			runOnlyForDeploymentPostprocessing = 0;
			shellPath = /bin/sh;
			shellScript = "diff \"${PODS_ROOT}/../Podfile.lock\" \"${PODS_ROOT}/Manifest.lock\" > /dev/null\nif [[ $? != 0 ]] ; then\n    cat << EOM\nerror: The sandbox is not in sync with the Podfile.lock. Run 'pod install' or update your CocoaPods installation.\nEOM\n    exit 1\nfi\n";
			showEnvVarsInLog = 0;
		};
/* End PBXShellScriptBuildPhase section */

/* Begin PBXSourcesBuildPhase section */
		84C2738A1BEC46FA00C52577 /* Sources */ = {
			isa = PBXSourcesBuildPhase;
			buildActionMask = 2147483647;
			files = (
				848477881C06ED3700167C3A /* DeviceDeleteViewController.m in Sources */,
				8484778B1C06EDB500167C3A /* UserRegisterViewController.m in Sources */,
				84325FE71C5C96BD00E9E873 /* CameraShowGLView.m in Sources */,
				8488BC471BEC887500803B96 /* HYLDevicesController.m in Sources */,
				84325FE51C5C96BD00E9E873 /* EditWiFiViewController.m in Sources */,
				84325FE31C5C96BD00E9E873 /* EditWiFiPasswordController.m in Sources */,
				84CBE9031C0435A5001CBF29 /* JSONManager.m in Sources */,
				84697C251C5C61B200388077 /* RegexUtils.m in Sources */,
				84CBE9001C040A60001CBF29 /* AppManager.m in Sources */,
				84C273971BEC46FA00C52577 /* AppDelegate.m in Sources */,
				8488BC4B1BEC8F8600803B96 /* HYLClassUtils.m in Sources */,
				84325FE91C5C96BD00E9E873 /* MonitorViewController.mm in Sources */,
				84325FE11C5C96BD00E9E873 /* MyCamera.m in Sources */,
				8484778E1C06EE6300167C3A /* FindPassViewController.m in Sources */,
				84325FE41C5C96BD00E9E873 /* WiFiNetworkController.m in Sources */,
				84992F1B1BFC32BE00D890A2 /* ZDItem.m in Sources */,
				84697C2A1C5C8BB600388077 /* DeviceVideoViewController.m in Sources */,
				84CBE8FD1C040048001CBF29 /* HomeViewController.m in Sources */,
				848477921C07033700167C3A /* AnimationUtils.m in Sources */,
				848477821C06E86700167C3A /* UserManagerViewController.m in Sources */,
				847F9D251C50DB10005ED278 /* SKSTableView.m in Sources */,
				84CBE9111C059368001CBF29 /* ModalView.m in Sources */,
				8484777F1C06E84700167C3A /* DeviceManagerViewController.m in Sources */,
				84C700DE1C534BC3007FA60F /* LeftViewController.m in Sources */,
				84CBE9061C044606001CBF29 /* HYLSharePreference.m in Sources */,
				84C273D51BEC55DD00C52577 /* LoginViewController.m in Sources */,
				84C3C3DE1C576D1600D9B7F2 /* CustomNavigationController.m in Sources */,
				84CCFB621C5B625800F42003 /* QRCodeShowViewController.m in Sources */,
				84CBE9091C046862001CBF29 /* DeviceInfoViewController.m in Sources */,
				84C273941BEC46FA00C52577 /* main.m in Sources */,
				848477851C06EBD100167C3A /* DeviceRegisterViewController.m in Sources */,
				84C3C3D61C5622CC00D9B7F2 /* QRStyleUtils.m in Sources */,
				84CCFB1B1C5B0A6400F42003 /* DeviceConfigViewController.m in Sources */,
				847F9D261C50DB10005ED278 /* SKSTableViewCell.m in Sources */,
				847F9D271C50DB10005ED278 /* SKSTableViewCellIndicator.m in Sources */,
				8488BC4E1BEC8FA400803B96 /* HYLCache.m in Sources */,
			);
			runOnlyForDeploymentPostprocessing = 0;
		};
		84C273A31BEC46FA00C52577 /* Sources */ = {
			isa = PBXSourcesBuildPhase;
			buildActionMask = 2147483647;
			files = (
				84C273AE1BEC46FA00C52577 /* ZeroDevTests.m in Sources */,
			);
			runOnlyForDeploymentPostprocessing = 0;
		};
/* End PBXSourcesBuildPhase section */

/* Begin PBXTargetDependency section */
		84C273A91BEC46FA00C52577 /* PBXTargetDependency */ = {
			isa = PBXTargetDependency;
			target = 84C2738D1BEC46FA00C52577 /* ZeroDev */;
			targetProxy = 84C273A81BEC46FA00C52577 /* PBXContainerItemProxy */;
		};
/* End PBXTargetDependency section */

/* Begin PBXVariantGroup section */
		84C2739B1BEC46FA00C52577 /* Main.storyboard */ = {
			isa = PBXVariantGroup;
			children = (
				84C2739C1BEC46FA00C52577 /* Base */,
			);
			name = Main.storyboard;
			sourceTree = "<group>";
		};
		84C273A01BEC46FA00C52577 /* LaunchScreen.xib */ = {
			isa = PBXVariantGroup;
			children = (
				84C273A11BEC46FA00C52577 /* Base */,
			);
			name = LaunchScreen.xib;
			sourceTree = "<group>";
		};
/* End PBXVariantGroup section */

/* Begin XCBuildConfiguration section */
		84C273AF1BEC46FA00C52577 /* Debug */ = {
			isa = XCBuildConfiguration;
			buildSettings = {
				ALWAYS_SEARCH_USER_PATHS = NO;
				CLANG_CXX_LANGUAGE_STANDARD = "gnu++0x";
				CLANG_CXX_LIBRARY = "libc++";
				CLANG_ENABLE_MODULES = YES;
				CLANG_ENABLE_OBJC_ARC = YES;
				CLANG_WARN_BOOL_CONVERSION = YES;
				CLANG_WARN_CONSTANT_CONVERSION = YES;
				CLANG_WARN_DIRECT_OBJC_ISA_USAGE = YES_ERROR;
				CLANG_WARN_EMPTY_BODY = YES;
				CLANG_WARN_ENUM_CONVERSION = YES;
				CLANG_WARN_INT_CONVERSION = YES;
				CLANG_WARN_OBJC_ROOT_CLASS = YES_ERROR;
				CLANG_WARN_UNREACHABLE_CODE = YES;
				CLANG_WARN__DUPLICATE_METHOD_MATCH = YES;
				"CODE_SIGN_IDENTITY[sdk=iphoneos*]" = "iPhone Developer";
				COPY_PHASE_STRIP = NO;
				DEBUG_INFORMATION_FORMAT = "dwarf-with-dsym";
				ENABLE_STRICT_OBJC_MSGSEND = YES;
				GCC_C_LANGUAGE_STANDARD = gnu99;
				GCC_DYNAMIC_NO_PIC = NO;
				GCC_NO_COMMON_BLOCKS = YES;
				GCC_OPTIMIZATION_LEVEL = 0;
				GCC_PREPROCESSOR_DEFINITIONS = (
					"DEBUG=1",
					"$(inherited)",
				);
				GCC_SYMBOLS_PRIVATE_EXTERN = NO;
				GCC_WARN_64_TO_32_BIT_CONVERSION = YES;
				GCC_WARN_ABOUT_RETURN_TYPE = YES_ERROR;
				GCC_WARN_UNDECLARED_SELECTOR = YES;
				GCC_WARN_UNINITIALIZED_AUTOS = YES_AGGRESSIVE;
				GCC_WARN_UNUSED_FUNCTION = YES;
				GCC_WARN_UNUSED_VARIABLE = YES;
				IPHONEOS_DEPLOYMENT_TARGET = 8.4;
				MTL_ENABLE_DEBUG_INFO = YES;
				ONLY_ACTIVE_ARCH = YES;
				SDKROOT = iphoneos;
			};
			name = Debug;
		};
		84C273B01BEC46FA00C52577 /* Release */ = {
			isa = XCBuildConfiguration;
			buildSettings = {
				ALWAYS_SEARCH_USER_PATHS = NO;
				CLANG_CXX_LANGUAGE_STANDARD = "gnu++0x";
				CLANG_CXX_LIBRARY = "libc++";
				CLANG_ENABLE_MODULES = YES;
				CLANG_ENABLE_OBJC_ARC = YES;
				CLANG_WARN_BOOL_CONVERSION = YES;
				CLANG_WARN_CONSTANT_CONVERSION = YES;
				CLANG_WARN_DIRECT_OBJC_ISA_USAGE = YES_ERROR;
				CLANG_WARN_EMPTY_BODY = YES;
				CLANG_WARN_ENUM_CONVERSION = YES;
				CLANG_WARN_INT_CONVERSION = YES;
				CLANG_WARN_OBJC_ROOT_CLASS = YES_ERROR;
				CLANG_WARN_UNREACHABLE_CODE = YES;
				CLANG_WARN__DUPLICATE_METHOD_MATCH = YES;
				"CODE_SIGN_IDENTITY[sdk=iphoneos*]" = "iPhone Developer";
				COPY_PHASE_STRIP = NO;
				DEBUG_INFORMATION_FORMAT = "dwarf-with-dsym";
				ENABLE_NS_ASSERTIONS = NO;
				ENABLE_STRICT_OBJC_MSGSEND = YES;
				GCC_C_LANGUAGE_STANDARD = gnu99;
				GCC_NO_COMMON_BLOCKS = YES;
				GCC_WARN_64_TO_32_BIT_CONVERSION = YES;
				GCC_WARN_ABOUT_RETURN_TYPE = YES_ERROR;
				GCC_WARN_UNDECLARED_SELECTOR = YES;
				GCC_WARN_UNINITIALIZED_AUTOS = YES_AGGRESSIVE;
				GCC_WARN_UNUSED_FUNCTION = YES;
				GCC_WARN_UNUSED_VARIABLE = YES;
				IPHONEOS_DEPLOYMENT_TARGET = 8.4;
				MTL_ENABLE_DEBUG_INFO = NO;
				SDKROOT = iphoneos;
				VALIDATE_PRODUCT = YES;
			};
			name = Release;
		};
		84C273B21BEC46FA00C52577 /* Debug */ = {
			isa = XCBuildConfiguration;
			baseConfigurationReference = 6E847DE7A8CC4497E18F85E0 /* Pods.debug.xcconfig */;
			buildSettings = {
				ASSETCATALOG_COMPILER_APPICON_NAME = AppIcon;
				ASSETCATALOG_COMPILER_LAUNCHIMAGE_NAME = LaunchImage;
				FRAMEWORK_SEARCH_PATHS = (
					"$(inherited)",
					"$(PROJECT_DIR)/ZeroDev",
					"$(PROJECT_DIR)/ZeroDev/lib/Debug-iphoneos",
				);
				GCC_INCREASE_PRECOMPILED_HEADER_SHARING = NO;
				GCC_PREFIX_HEADER = "$(PROJECT_DIR)/ZeroDev/ZeroDevPrefixHeader.pch";
				INFOPLIST_FILE = ZeroDev/Info.plist;
				IPHONEOS_DEPLOYMENT_TARGET = 7.1;
				LD_RUNPATH_SEARCH_PATHS = "$(inherited) @executable_path/Frameworks";
				LIBRARY_SEARCH_PATHS = (
					"$(inherited)",
					"$(PROJECT_DIR)/ZeroDev/lib/Debug-iphoneos",
				);
				OTHER_LDFLAGS = (
					"$(inherited)",
					"-ObjC",
					"-l\"Pods-EGOTableViewPullRefresh\"",
					"-l\"Pods-JDStatusBarNotification\"",
					"-l\"Pods-JSONKit\"",
					"-l\"Pods-MBProgressHUD\"",
					"-l\"Pods-Reachability\"",
					"-l\"Pods-SDWebImage\"",
					"-l\"Pods-SIAlertView\"",
					"-l\"Pods-Toast\"",
					"-l\"Pods-ZipArchive\"",
					"-l\"z\"",
					"-framework",
					"\"CoreGraphics\"",
					"-framework",
					"\"ImageIO\"",
					"-framework",
					"\"QuartzCore\"",
					"-framework",
					"\"SystemConfiguration\"",
					"-lxml2",
				);
				PRODUCT_NAME = "$(TARGET_NAME)";
				TARGETED_DEVICE_FAMILY = 1;
			};
			name = Debug;
		};
		84C273B31BEC46FA00C52577 /* Release */ = {
			isa = XCBuildConfiguration;
			baseConfigurationReference = 7692A53577CA343C4467CC5F /* Pods.release.xcconfig */;
			buildSettings = {
				ASSETCATALOG_COMPILER_APPICON_NAME = AppIcon;
				ASSETCATALOG_COMPILER_LAUNCHIMAGE_NAME = LaunchImage;
				FRAMEWORK_SEARCH_PATHS = (
					"$(inherited)",
					"$(PROJECT_DIR)/ZeroDev",
					"$(PROJECT_DIR)/ZeroDev/lib/Release-iphoneos",
				);
				GCC_INCREASE_PRECOMPILED_HEADER_SHARING = NO;
				GCC_PREFIX_HEADER = "$(PROJECT_DIR)/ZeroDev/ZeroDevPrefixHeader.pch";
				INFOPLIST_FILE = ZeroDev/Info.plist;
				IPHONEOS_DEPLOYMENT_TARGET = 7.1;
				LD_RUNPATH_SEARCH_PATHS = "$(inherited) @executable_path/Frameworks";
				LIBRARY_SEARCH_PATHS = (
					"$(inherited)",
					"$(PROJECT_DIR)/ZeroDev/lib/Release-iphoneos",
				);
				OTHER_LDFLAGS = (
					"$(inherited)",
					"-ObjC",
					"-l\"Pods-EGOTableViewPullRefresh\"",
					"-l\"Pods-JDStatusBarNotification\"",
					"-l\"Pods-JSONKit\"",
					"-l\"Pods-MBProgressHUD\"",
					"-l\"Pods-Reachability\"",
					"-l\"Pods-SDWebImage\"",
					"-l\"Pods-SIAlertView\"",
					"-l\"Pods-Toast\"",
					"-l\"Pods-ZipArchive\"",
					"-l\"z\"",
					"-framework",
					"\"CoreGraphics\"",
					"-framework",
					"\"ImageIO\"",
					"-framework",
					"\"QuartzCore\"",
					"-framework",
					"\"SystemConfiguration\"",
					"-lxml2",
				);
				PRODUCT_NAME = "$(TARGET_NAME)";
				TARGETED_DEVICE_FAMILY = 1;
			};
			name = Release;
		};
		84C273B51BEC46FA00C52577 /* Debug */ = {
			isa = XCBuildConfiguration;
			buildSettings = {
				BUNDLE_LOADER = "$(TEST_HOST)";
				FRAMEWORK_SEARCH_PATHS = (
					"$(SDKROOT)/Developer/Library/Frameworks",
					"$(inherited)",
				);
				GCC_PREPROCESSOR_DEFINITIONS = (
					"DEBUG=1",
					"$(inherited)",
				);
				INFOPLIST_FILE = ZeroDevTests/Info.plist;
				LD_RUNPATH_SEARCH_PATHS = "$(inherited) @executable_path/Frameworks @loader_path/Frameworks";
				PRODUCT_NAME = "$(TARGET_NAME)";
				TEST_HOST = "$(BUILT_PRODUCTS_DIR)/ZeroDev.app/ZeroDev";
			};
			name = Debug;
		};
		84C273B61BEC46FA00C52577 /* Release */ = {
			isa = XCBuildConfiguration;
			buildSettings = {
				BUNDLE_LOADER = "$(TEST_HOST)";
				FRAMEWORK_SEARCH_PATHS = (
					"$(SDKROOT)/Developer/Library/Frameworks",
					"$(inherited)",
				);
				INFOPLIST_FILE = ZeroDevTests/Info.plist;
				LD_RUNPATH_SEARCH_PATHS = "$(inherited) @executable_path/Frameworks @loader_path/Frameworks";
				PRODUCT_NAME = "$(TARGET_NAME)";
				TEST_HOST = "$(BUILT_PRODUCTS_DIR)/ZeroDev.app/ZeroDev";
			};
			name = Release;
		};
/* End XCBuildConfiguration section */

/* Begin XCConfigurationList section */
		84C273891BEC46FA00C52577 /* Build configuration list for PBXProject "ZeroDev" */ = {
			isa = XCConfigurationList;
			buildConfigurations = (
				84C273AF1BEC46FA00C52577 /* Debug */,
				84C273B01BEC46FA00C52577 /* Release */,
			);
			defaultConfigurationIsVisible = 0;
			defaultConfigurationName = Release;
		};
		84C273B11BEC46FA00C52577 /* Build configuration list for PBXNativeTarget "ZeroDev" */ = {
			isa = XCConfigurationList;
			buildConfigurations = (
				84C273B21BEC46FA00C52577 /* Debug */,
				84C273B31BEC46FA00C52577 /* Release */,
			);
			defaultConfigurationIsVisible = 0;
			defaultConfigurationName = Release;
		};
		84C273B41BEC46FA00C52577 /* Build configuration list for PBXNativeTarget "ZeroDevTests" */ = {
			isa = XCConfigurationList;
			buildConfigurations = (
				84C273B51BEC46FA00C52577 /* Debug */,
				84C273B61BEC46FA00C52577 /* Release */,
			);
			defaultConfigurationIsVisible = 0;
			defaultConfigurationName = Release;
		};
/* End XCConfigurationList section */
	};
	rootObject = 84C273861BEC46FA00C52577 /* Project object */;
}
